{
  "name": "chromatic_test",
  "version": "1.0.0",
  "lockfileVersion": 1,
  "requires": true,
  "dependencies": {
    "chromatic": {
      "version": "6.2.0",
      "resolved": "https://registry.npmjs.org/chromatic/-/chromatic-6.2.0.tgz",
      "integrity": "sha512-2RR4cpDXPsct1jvimixh02hcrfTYAj831Ngo9pLjXU8el4QFQm3jwDYqtsbNYH3CrDoWkeppR5oYPoTQGIazrg==",
      "dev": true
    }
  }
}
